<?xml version="1.0" encoding="utf-8"?>
<Project ToolsVersion="4.0" xmlns="http://schemas.microsoft.com/developer/msbuild/2003">
  <ItemGroup>
    <Filter Include="MGE Source files">
      <UniqueIdentifier>{4FC737F1-C7A5-4376-A066-2A32D752A2FF}</UniqueIdentifier>
      <Extensions>cpp;c;cc;cxx;def;odl;idl;hpj;bat;asm;asmx</Extensions>
    </Filter>
    <Filter Include="MGE Source files\mge">
      <UniqueIdentifier>{5808a1e3-17c6-41a4-bf66-b872468a8c7c}</UniqueIdentifier>
    </Filter>
    <Filter Include="MGE Source files\mge\behaviours">
      <UniqueIdentifier>{62606aaf-8ae3-4195-9a83-22a2c9d20af1}</UniqueIdentifier>
    </Filter>
    <Filter Include="MGE Source files\mge\core">
      <UniqueIdentifier>{4394d90a-ffa0-485d-98ea-1e91842edda6}</UniqueIdentifier>
    </Filter>
    <Filter Include="MGE Source files\mge\materials">
      <UniqueIdentifier>{88a48024-4c44-40c0-a658-f27957d6b003}</UniqueIdentifier>
    </Filter>
    <Filter Include="MGE Source files\mge\util">
      <UniqueIdentifier>{7d824c34-4bb6-43a4-a48a-0d68b7aad6e5}</UniqueIdentifier>
    </Filter>
    <Filter Include="LuaScripts">
      <UniqueIdentifier>{8c3ea338-b3da-4523-a9b9-741131bd1630}</UniqueIdentifier>
    </Filter>
    <Filter Include="Shaders">
      <UniqueIdentifier>{73a21963-a059-4ee7-a072-8d26a76b3bb6}</UniqueIdentifier>
    </Filter>
    <Filter Include="Models">
      <UniqueIdentifier>{31b3e9c4-c512-4cf1-942f-62ec632a8280}</UniqueIdentifier>
    </Filter>
    <Filter Include="Textures">
      <UniqueIdentifier>{d82a0eda-d925-48fd-9d80-82807a531e7d}</UniqueIdentifier>
    </Filter>
    <Filter Include="MGE Source files\mge\scenes">
      <UniqueIdentifier>{fdff79f7-3288-4d4a-9a21-27e7905cf53a}</UniqueIdentifier>
    </Filter>
    <Filter Include="MGE Source files\mge\util\LuaScripting">
      <UniqueIdentifier>{77601d15-d1d9-46fb-849f-10d7f1e24530}</UniqueIdentifier>
    </Filter>
    <Filter Include="MGE Source files\mge\util\LevelEditor">
      <UniqueIdentifier>{39255c40-2e47-495d-98c6-32074920cc12}</UniqueIdentifier>
    </Filter>
  </ItemGroup>
  <ItemGroup>
    <ClInclude Include="..\src\glm.hpp">
      <Filter>MGE Source files</Filter>
    </ClInclude>
    <ClInclude Include="..\src\mge\behaviours\AbstractBehaviour.hpp">
      <Filter>MGE Source files\mge\behaviours</Filter>
    </ClInclude>
    <ClInclude Include="..\src\mge\core\AbstractGame.hpp">
      <Filter>MGE Source files\mge\core</Filter>
    </ClInclude>
    <ClInclude Include="..\src\mge\materials\AbstractMaterial.hpp">
      <Filter>MGE Source files\mge\materials</Filter>
    </ClInclude>
    <ClInclude Include="..\src\mge\core\Camera.hpp">
      <Filter>MGE Source files\mge\core</Filter>
    </ClInclude>
    <ClInclude Include="..\src\mge\materials\ColorMaterial.hpp">
      <Filter>MGE Source files\mge\materials</Filter>
    </ClInclude>
    <ClInclude Include="..\src\mge\util\DebugHud.hpp">
      <Filter>MGE Source files\mge\util</Filter>
    </ClInclude>
    <ClInclude Include="..\src\mge\core\GameObject.hpp">
      <Filter>MGE Source files\mge\core</Filter>
    </ClInclude>
    <ClInclude Include="..\src\mge\behaviours\KeysBehaviour.hpp">
      <Filter>MGE Source files\mge\behaviours</Filter>
    </ClInclude>
    <ClInclude Include="..\src\mge\core\Mesh.hpp">
      <Filter>MGE Source files\mge\core</Filter>
    </ClInclude>
    <ClInclude Include="..\src\mge\core\Renderer.hpp">
      <Filter>MGE Source files\mge\core</Filter>
    </ClInclude>
    <ClInclude Include="..\src\mge\core\ShaderProgram.hpp">
      <Filter>MGE Source files\mge\core</Filter>
    </ClInclude>
    <ClInclude Include="..\src\mge\core\Texture.hpp">
      <Filter>MGE Source files\mge\core</Filter>
    </ClInclude>
    <ClInclude Include="..\src\mge\core\World.hpp">
      <Filter>MGE Source files\mge\core</Filter>
    </ClInclude>
    <ClInclude Include="..\src\mge\behaviours\RotatingBehaviour.hpp">
      <Filter>MGE Source files\mge\behaviours</Filter>
    </ClInclude>
    <ClInclude Include="..\src\mge\materials\TextureMaterial.hpp">
      <Filter>MGE Source files\mge\materials</Filter>
    </ClInclude>
    <ClInclude Include="..\src\mge\config.hpp">
      <Filter>MGE Source files\mge</Filter>
    </ClInclude>
    <ClInclude Include="..\src\mge\core\Light.hpp">
      <Filter>MGE Source files\mge\core</Filter>
    </ClInclude>
    <ClInclude Include="..\src\main.h" />
    <ClInclude Include="..\src\mge\behaviours\CameraOrbitBehaviour.hpp">
      <Filter>MGE Source files\mge\behaviours</Filter>
    </ClInclude>
    <ClInclude Include="..\src\mge\materials\WobbleMaterial.hpp">
      <Filter>MGE Source files\mge\materials</Filter>
    </ClInclude>
    <ClInclude Include="..\src\mge\materials\LitMaterial.hpp">
      <Filter>MGE Source files\mge\materials</Filter>
    </ClInclude>
    <ClInclude Include="..\src\mge\materials\TerrainMaterial.hpp">
      <Filter>MGE Source files\mge\materials</Filter>
    </ClInclude>
    <ClInclude Include="..\src\mge\behaviours\LuaBehaviour.hpp">
      <Filter>MGE Source files\mge\behaviours</Filter>
    </ClInclude>
    <ClInclude Include="..\src\mge\core\AbstractFactory.hpp">
      <Filter>MGE Source files\mge\core</Filter>
    </ClInclude>
    <ClInclude Include="..\src\mge\scenes\BrokenOBJ.hpp">
      <Filter>MGE Source files\mge\scenes</Filter>
    </ClInclude>
    <ClInclude Include="..\src\mge\scenes\DesignerScene.hpp">
      <Filter>MGE Source files\mge\scenes</Filter>
    </ClInclude>
    <ClInclude Include="..\src\mge\scenes\GameOfLife.h">
      <Filter>MGE Source files\mge\scenes</Filter>
    </ClInclude>
    <ClInclude Include="..\src\mge\scenes\MGEDemo.hpp">
      <Filter>MGE Source files\mge\scenes</Filter>
    </ClInclude>
    <ClInclude Include="..\src\mge\scenes\TerrainScene.hpp">
      <Filter>MGE Source files\mge\scenes</Filter>
    </ClInclude>
    <ClInclude Include="..\src\mge\scenes\TristanScene.h">
      <Filter>MGE Source files\mge\scenes</Filter>
    </ClInclude>
    <ClInclude Include="..\src\mge\util\LuaScripting\DisplayGrid.h">
      <Filter>MGE Source files\mge\util\LuaScripting</Filter>
    </ClInclude>
    <ClInclude Include="..\src\mge\util\LuaScripting\LuaWrapper.hpp">
      <Filter>MGE Source files\mge\util\LuaScripting</Filter>
    </ClInclude>
    <ClInclude Include="..\src\mge\util\LuaScripting\RectangleShapeWrapper.hpp">
      <Filter>MGE Source files\mge\util\LuaScripting</Filter>
    </ClInclude>
    <ClInclude Include="..\src\mge\util\LevelEditor\GameObjectFactory.hpp">
      <Filter>MGE Source files\mge\util\LevelEditor</Filter>
    </ClInclude>
    <ClInclude Include="..\src\mge\util\LevelEditor\Level.hpp">
      <Filter>MGE Source files\mge\util\LevelEditor</Filter>
    </ClInclude>
    <ClInclude Include="..\src\mge\util\LevelEditor\TestFactory.hpp">
      <Filter>MGE Source files\mge\util\LevelEditor</Filter>
    </ClInclude>
  </ItemGroup>
  <ItemGroup>
    <ClCompile Include="..\src\main.cpp">
      <Filter>MGE Source files</Filter>
    </ClCompile>
    <ClCompile Include="..\src\mge\behaviours\AbstractBehaviour.cpp">
      <Filter>MGE Source files\mge\behaviours</Filter>
    </ClCompile>
    <ClCompile Include="..\src\mge\core\AbstractGame.cpp">
      <Filter>MGE Source files\mge\core</Filter>
    </ClCompile>
    <ClCompile Include="..\src\mge\materials\AbstractMaterial.cpp">
      <Filter>MGE Source files\mge\materials</Filter>
    </ClCompile>
    <ClCompile Include="..\src\mge\core\Camera.cpp">
      <Filter>MGE Source files\mge\core</Filter>
    </ClCompile>
    <ClCompile Include="..\src\mge\materials\ColorMaterial.cpp">
      <Filter>MGE Source files\mge\materials</Filter>
    </ClCompile>
    <ClCompile Include="..\src\mge\util\DebugHud.cpp">
      <Filter>MGE Source files\mge\util</Filter>
    </ClCompile>
    <ClCompile Include="..\src\mge\core\GameObject.cpp">
      <Filter>MGE Source files\mge\core</Filter>
    </ClCompile>
    <ClCompile Include="..\src\mge\behaviours\KeysBehaviour.cpp">
      <Filter>MGE Source files\mge\behaviours</Filter>
    </ClCompile>
    <ClCompile Include="..\src\mge\core\Mesh.cpp">
      <Filter>MGE Source files\mge\core</Filter>
    </ClCompile>
    <ClCompile Include="..\src\mge\core\Renderer.cpp">
      <Filter>MGE Source files\mge\core</Filter>
    </ClCompile>
    <ClCompile Include="..\src\mge\core\ShaderProgram.cpp">
      <Filter>MGE Source files\mge\core</Filter>
    </ClCompile>
    <ClCompile Include="..\src\mge\core\Texture.cpp">
      <Filter>MGE Source files\mge\core</Filter>
    </ClCompile>
    <ClCompile Include="..\src\mge\core\World.cpp">
      <Filter>MGE Source files\mge\core</Filter>
    </ClCompile>
    <ClCompile Include="..\src\mge\behaviours\RotatingBehaviour.cpp">
      <Filter>MGE Source files\mge\behaviours</Filter>
    </ClCompile>
    <ClCompile Include="..\src\mge\materials\TextureMaterial.cpp">
      <Filter>MGE Source files\mge\materials</Filter>
    </ClCompile>
    <ClCompile Include="..\src\mge\core\Light.cpp">
      <Filter>MGE Source files\mge\core</Filter>
    </ClCompile>
    <ClCompile Include="..\src\mge\behaviours\CameraOrbitBehaviour.cpp">
      <Filter>MGE Source files\mge\behaviours</Filter>
    </ClCompile>
    <ClCompile Include="..\src\mge\materials\WobbleMaterial.cpp">
      <Filter>MGE Source files\mge\materials</Filter>
    </ClCompile>
    <ClCompile Include="..\src\mge\materials\LitMaterial.cpp">
      <Filter>MGE Source files\mge\materials</Filter>
    </ClCompile>
    <ClCompile Include="..\src\mge\materials\TerrainMaterial.cpp">
      <Filter>MGE Source files\mge\materials</Filter>
    </ClCompile>
    <ClCompile Include="..\src\mge\behaviours\LuaBehaviour.cpp">
      <Filter>MGE Source files\mge\behaviours</Filter>
    </ClCompile>
    <ClCompile Include="..\src\mge\core\AbstractFactory.cpp">
      <Filter>MGE Source files\mge\core</Filter>
    </ClCompile>
    <ClCompile Include="..\src\mge\scenes\BrokenOBJ.cpp">
      <Filter>MGE Source files\mge\scenes</Filter>
    </ClCompile>
    <ClCompile Include="..\src\mge\scenes\DesignerScene.cpp">
      <Filter>MGE Source files\mge\scenes</Filter>
    </ClCompile>
    <ClCompile Include="..\src\mge\scenes\GameOfLife.cpp">
      <Filter>MGE Source files\mge\scenes</Filter>
    </ClCompile>
    <ClCompile Include="..\src\mge\scenes\MGEDemo.cpp">
      <Filter>MGE Source files\mge\scenes</Filter>
    </ClCompile>
    <ClCompile Include="..\src\mge\scenes\TerrainScene.cpp">
      <Filter>MGE Source files\mge\scenes</Filter>
    </ClCompile>
    <ClCompile Include="..\src\mge\scenes\TristanScene.cpp">
      <Filter>MGE Source files\mge\scenes</Filter>
    </ClCompile>
    <ClCompile Include="..\src\mge\util\LuaScripting\DisplayGrid.cpp">
      <Filter>MGE Source files\mge\util\LuaScripting</Filter>
    </ClCompile>
    <ClCompile Include="..\src\mge\util\LuaScripting\LuaWrapper.cpp">
      <Filter>MGE Source files\mge\util\LuaScripting</Filter>
    </ClCompile>
    <ClCompile Include="..\src\mge\util\LuaScripting\RectangleShapeWrapper.cpp">
      <Filter>MGE Source files\mge\util\LuaScripting</Filter>
    </ClCompile>
    <ClCompile Include="..\src\mge\util\LevelEditor\GameObjectFactory.cpp">
      <Filter>MGE Source files\mge\util\LevelEditor</Filter>
    </ClCompile>
    <ClCompile Include="..\src\mge\util\LevelEditor\Level.cpp">
      <Filter>MGE Source files\mge\util\LevelEditor</Filter>
    </ClCompile>
    <ClCompile Include="..\src\mge\util\LevelEditor\TestFactory.cpp">
      <Filter>MGE Source files\mge\util\LevelEditor</Filter>
    </ClCompile>
  </ItemGroup>
  <ItemGroup>
    <None Include="ClassDiagram.cd" />
    <None Include="..\assets\LuaGameScripts\Example.lua">
      <Filter>LuaScripts</Filter>
    </None>
  </ItemGroup>
  <ItemGroup>
    <CopyFileToFolders Include="..\assets\LuaGameScripts\OrganismDNA.lua">
      <Filter>LuaScripts</Filter>
    </CopyFileToFolders>
    <CopyFileToFolders Include="..\assets\LuaGameScripts\Main.lua">
      <Filter>LuaScripts</Filter>
    </CopyFileToFolders>
    <CopyFileToFolders Include="..\assets\LuaGameScripts\GridGenerator.lua">
      <Filter>LuaScripts</Filter>
    </CopyFileToFolders>
    <CopyFileToFolders Include="..\assets\LuaGameScripts\config.lua">
      <Filter>LuaScripts</Filter>
    </CopyFileToFolders>
    <CopyFileToFolders Include="..\assets\LuaGameScripts\BaseOrganism.lua">
      <Filter>LuaScripts</Filter>
    </CopyFileToFolders>
    <CopyFileToFolders Include="..\assets\LuaGameScripts\RuleChecker.lua">
      <Filter>LuaScripts</Filter>
    </CopyFileToFolders>
    <CopyFileToFolders Include="..\assets\LuaGameScripts\ModelViewer.lua">
      <Filter>LuaScripts</Filter>
    </CopyFileToFolders>
    <CopyFileToFolders Include="..\assets\mge\models\cone_flat.obj">
      <Filter>Models</Filter>
    </CopyFileToFolders>
    <CopyFileToFolders Include="..\assets\mge\models\cone_smooth.obj">
      <Filter>Models</Filter>
    </CopyFileToFolders>
    <CopyFileToFolders Include="..\assets\mge\models\cube_flat.obj">
      <Filter>Models</Filter>
    </CopyFileToFolders>
    <CopyFileToFolders Include="..\assets\mge\models\cube_smooth.obj">
      <Filter>Models</Filter>
    </CopyFileToFolders>
    <CopyFileToFolders Include="..\assets\mge\models\cylinder_flat.obj">
      <Filter>Models</Filter>
    </CopyFileToFolders>
    <CopyFileToFolders Include="..\assets\mge\models\cylinder_smooth.obj">
      <Filter>Models</Filter>
    </CopyFileToFolders>
    <CopyFileToFolders Include="..\assets\mge\models\plane.obj">
      <Filter>Models</Filter>
    </CopyFileToFolders>
    <CopyFileToFolders Include="..\assets\mge\models\plane_8192.obj">
      <Filter>Models</Filter>
    </CopyFileToFolders>
    <CopyFileToFolders Include="..\assets\mge\models\plane20x20_2tris_aligned_uvs.obj">
      <Filter>Models</Filter>
    </CopyFileToFolders>
    <CopyFileToFolders Include="..\assets\mge\models\plane20x20_2048tris_aligned_uvs.obj">
      <Filter>Models</Filter>
    </CopyFileToFolders>
    <CopyFileToFolders Include="..\assets\mge\models\sphere_flat.obj">
      <Filter>Models</Filter>
    </CopyFileToFolders>
    <CopyFileToFolders Include="..\assets\mge\models\sphere_smooth.obj">
      <Filter>Models</Filter>
    </CopyFileToFolders>
    <CopyFileToFolders Include="..\assets\mge\models\sphere1.obj">
      <Filter>Models</Filter>
    </CopyFileToFolders>
    <CopyFileToFolders Include="..\assets\mge\models\sphere2.obj">
      <Filter>Models</Filter>
    </CopyFileToFolders>
    <CopyFileToFolders Include="..\assets\mge\models\sphere3.obj">
      <Filter>Models</Filter>
    </CopyFileToFolders>
    <CopyFileToFolders Include="..\assets\mge\models\sphere4.obj">
      <Filter>Models</Filter>
    </CopyFileToFolders>
    <CopyFileToFolders Include="..\assets\mge\models\suzanna_flat.obj">
      <Filter>Models</Filter>
    </CopyFileToFolders>
    <CopyFileToFolders Include="..\assets\mge\models\suzanna_smooth.obj">
      <Filter>Models</Filter>
    </CopyFileToFolders>
    <CopyFileToFolders Include="..\assets\mge\models\teapot_flat.obj">
      <Filter>Models</Filter>
    </CopyFileToFolders>
    <CopyFileToFolders Include="..\assets\mge\models\teapot_smooth.obj">
      <Filter>Models</Filter>
    </CopyFileToFolders>
    <CopyFileToFolders Include="..\assets\mge\textures\bricks.jpg">
      <Filter>Textures</Filter>
    </CopyFileToFolders>
    <CopyFileToFolders Include="..\assets\mge\textures\container2.png">
      <Filter>Textures</Filter>
    </CopyFileToFolders>
    <CopyFileToFolders Include="..\assets\mge\textures\container2_specular.png">
      <Filter>Textures</Filter>
    </CopyFileToFolders>
    <CopyFileToFolders Include="..\assets\mge\textures\diffuse1.jpg">
      <Filter>Textures</Filter>
    </CopyFileToFolders>
    <CopyFileToFolders Include="..\assets\mge\textures\diffuse2.jpg">
      <Filter>Textures</Filter>
    </CopyFileToFolders>
    <CopyFileToFolders Include="..\assets\mge\textures\diffuse3.jpg">
      <Filter>Textures</Filter>
    </CopyFileToFolders>
    <CopyFileToFolders Include="..\assets\mge\textures\diffuse4.jpg">
      <Filter>Textures</Filter>
    </CopyFileToFolders>
    <CopyFileToFolders Include="..\assets\mge\textures\heightmap.png">
      <Filter>Textures</Filter>
    </CopyFileToFolders>
    <CopyFileToFolders Include="..\assets\mge\textures\land.jpg">
      <Filter>Textures</Filter>
    </CopyFileToFolders>
    <CopyFileToFolders Include="..\assets\mge\textures\runicfloor.png">
      <Filter>Textures</Filter>
    </CopyFileToFolders>
    <CopyFileToFolders Include="..\assets\mge\textures\splatmap.png">
      <Filter>Textures</Filter>
    </CopyFileToFolders>
    <CopyFileToFolders Include="..\assets\mge\textures\water.jpg">
      <Filter>Textures</Filter>
    </CopyFileToFolders>
    <CopyFileToFolders Include="..\assets\mge\shaders\color.fs">
      <Filter>Shaders</Filter>
    </CopyFileToFolders>
    <CopyFileToFolders Include="..\assets\mge\shaders\color.vs">
      <Filter>Shaders</Filter>
    </CopyFileToFolders>
    <CopyFileToFolders Include="..\assets\mge\shaders\lit.fs">
      <Filter>Shaders</Filter>
    </CopyFileToFolders>
    <CopyFileToFolders Include="..\assets\mge\shaders\lit.vs">
      <Filter>Shaders</Filter>
    </CopyFileToFolders>
    <CopyFileToFolders Include="..\assets\mge\shaders\terrain.fs">
      <Filter>Shaders</Filter>
    </CopyFileToFolders>
    <CopyFileToFolders Include="..\assets\mge\shaders\terrain.vs">
      <Filter>Shaders</Filter>
    </CopyFileToFolders>
    <CopyFileToFolders Include="..\assets\mge\shaders\texture.fs">
      <Filter>Shaders</Filter>
    </CopyFileToFolders>
    <CopyFileToFolders Include="..\assets\mge\shaders\texture.vs">
      <Filter>Shaders</Filter>
    </CopyFileToFolders>
    <CopyFileToFolders Include="..\assets\mge\shaders\wobble.fs">
      <Filter>Shaders</Filter>
    </CopyFileToFolders>
    <CopyFileToFolders Include="..\assets\mge\shaders\wobble.vs">
      <Filter>Shaders</Filter>
    </CopyFileToFolders>
  </ItemGroup>
</Project>